# This file is automatically @generated by Cargo.
# It is not intended for manual editing.
version = 4

[[package]]
name = "autocfg"
version = "1.5.1"
source = "registry+https://github.com/rust-lang/crates.io-index"
checksum = "f2032f911046de80f0a198e0901378627c33f59ea0ac00e363d481118bd70a53"

[[package]]
name = "az"
version = "1.3.0"
source = "registry+https://github.com/rust-lang/crates.io-index"
checksum = "be5eb007b7cacc6c660343e96f650fedf4b5a77512399eb952ca6642cf8d13f7"

[[package]]
name = "bigint-bench"
version = "0.1.0"
dependencies = [
 "dashu",
 "malachite",
 "num-bigint 0.4.8",
 "num-bigint 0.5.1",
 "num-integer",
 "num-traits",
 "rug",
 "sagebrush-bigint",
]

[[package]]
name = "bytemuck"
version = "1.25.2"
source = "registry+https://github.com/rust-lang/crates.io-index"
checksum = "95832e849adfb21180ccb6826a99da14e5d266ae5c2e668e1602cf234f153797"

[[package]]
name = "cfg-if"
version = "1.0.5"
source = "registry+https://github.com/rust-lang/crates.io-index"
checksum = "4e7648175b45a9a48536d676f68d918270699102aa8dab5496df06904c914600"

[[package]]
name = "dashu"
version = "0.6.2"
source = "registry+https://github.com/rust-lang/crates.io-index"
checksum = "31f6dc24668cbbc8bf423317d90978fdab0eef54130db10eaf01acd20ca74d23"
dependencies = [
 "dashu-base",
 "dashu-cmplx",
 "dashu-float",
 "dashu-int",
 "dashu-macros",
 "dashu-ratio",
]

[[package]]
name = "dashu-base"
version = "0.6.1"
source = "registry+https://github.com/rust-lang/crates.io-index"
checksum = "861a614e79388a4c72aa66b0bdabc91e3a4f30d53e0c8d962953e207d75884d0"
dependencies = [
 "num-modular",
]

[[package]]
name = "dashu-cmplx"
version = "0.6.2"
source = "registry+https://github.com/rust-lang/crates.io-index"
checksum = "afb1039d10a717fa2584d8428596cf23d9be49be743362d7478b5b2637ca8cb5"
dependencies = [
 "dashu-base",
 "dashu-float",
 "dashu-int",
 "num-modular",
 "num-order",
]

[[package]]
name = "dashu-float"
version = "0.6.2"
source = "registry+https://github.com/rust-lang/crates.io-index"
checksum = "4be5a53987dee3a7e9e874aad24cd42cf074f0aa1e6b4d1230189837ea672a49"
dependencies = [
 "dashu-base",
 "dashu-int",
 "num-modular",
 "num-order",
 "static_assertions",
]

[[package]]
name = "dashu-int"
version = "0.6.2"
source = "registry+https://github.com/rust-lang/crates.io-index"
checksum = "64a0490b40a6a3f6427970035f17f76fd59c01d3cd9f9140809672863a0d64c8"
dependencies = [
 "cfg-if",
 "dashu-base",
 "num-modular",
 "num-order",
 "static_assertions",
]

[[package]]
name = "dashu-macros"
version = "0.6.1"
source = "registry+https://github.com/rust-lang/crates.io-index"
checksum = "91bcbb4860c5b0c8a953b07b2fbb9dec68f7b286938f6670058867d2a38af166"
dependencies = [
 "dashu-base",
 "dashu-cmplx",
 "dashu-float",
 "dashu-int",
 "dashu-ratio",
 "pastey",
 "proc-macro2",
 "quote",
]

[[package]]
name = "dashu-ratio"
version = "0.6.1"
source = "registry+https://github.com/rust-lang/crates.io-index"
checksum = "eb0b7e2610ae7f28b2ab8b09229afedc9cbc7a32e7c647b916a3a49ca00123c1"
dependencies = [
 "dashu-base",
 "dashu-float",
 "dashu-int",
 "num-modular",
 "num-order",
]

[[package]]
name = "either"
version = "1.18.0"
source = "registry+https://github.com/rust-lang/crates.io-index"
checksum = "252afb9ae5eaa683babdc6a068b3f5726eb19e05070c731f9b2a23a7c3e8ed34"

[[package]]
name = "foldhash"
version = "0.2.0"
source = "registry+https://github.com/rust-lang/crates.io-index"
checksum = "77ce24cb58228fbb8aa041425bb1050850ac19177686ea6e0f41a70416f56fdb"

[[package]]
name = "gmp-mpfr-sys"
version = "1.7.1"
source = "registry+https://github.com/rust-lang/crates.io-index"
checksum = "7db155b537cb791b133341f99f68371d86ee7fa4c79aacfbc376d72d23c70531"
dependencies = [
 "libc",
 "windows-sys",
]

[[package]]
name = "hashbrown"
version = "0.16.1"
source = "registry+https://github.com/rust-lang/crates.io-index"
checksum = "841d1cc9bed7f9236f321df977030373f4a4163ae1a7dbfe1a51a2c1a51d9100"
dependencies = [
 "foldhash",
]

[[package]]
name = "itertools"
version = "0.14.0"
source = "registry+https://github.com/rust-lang/crates.io-index"
checksum = "2b192c782037fadd9cfa75548310488aabdbf3d2da73885b31bd0abd03351285"
dependencies = [
 "either",
]

[[package]]
name = "libc"
version = "0.2.190"
source = "registry+https://github.com/rust-lang/crates.io-index"
checksum = "ce5d3ddc6d3fa000eb1536d85e147bfe31aacaba692ed6a876f95cb7c855be78"

[[package]]
name = "libm"
version = "0.2.16"
source = "registry+https://github.com/rust-lang/crates.io-index"
checksum = "b6d2cec3eae94f9f509c767b45932f1ada8350c4bdb85af2fcab4a3c14807981"

[[package]]
name = "malachite"
version = "0.12.0"
source = "registry+https://github.com/rust-lang/crates.io-index"
checksum = "dff3259e8f57e75f6e210329c582d708e3ae2b739ec78d850cbb6298483c9e33"
dependencies = [
 "malachite-base",
 "malachite-float",
 "malachite-nz",
 "malachite-q",
]

[[package]]
name = "malachite-base"
version = "0.12.0"
source = "registry+https://github.com/rust-lang/crates.io-index"
checksum = "f368e032195e6f046f237a982cd541cac7d4e17d5c680cac5534dfa71cd8879e"
dependencies = [
 "hashbrown",
 "itertools",
 "libm",
 "ryu",
]

[[package]]
name = "malachite-float"
version = "0.12.0"
source = "registry+https://github.com/rust-lang/crates.io-index"
checksum = "3a38a12ef57ccd2b0820abea44dfebebc7c64b79f4f4101eb56f246aadbb4cd3"
dependencies = [
 "itertools",
 "malachite-base",
 "malachite-nz",
 "malachite-q",
]

[[package]]
name = "malachite-nz"
version = "0.12.0"
source = "registry+https://github.com/rust-lang/crates.io-index"
checksum = "ec0b3ad1a8d2a722fbfad2e1fc7c5044f7ab38e027240cfbcb086a62ca95c9c2"
dependencies = [
 "itertools",
 "libm",
 "malachite-base",
 "wide",
]

[[package]]
name = "malachite-q"
version = "0.12.0"
source = "registry+https://github.com/rust-lang/crates.io-index"
checksum = "7841d36b3f5d39f1c65d4bcc45cb104fde66cf7eafc10da3922483fa2847cb94"
dependencies = [
 "itertools",
 "libm",
 "malachite-base",
 "malachite-nz",
]

[[package]]
name = "num-bigint"
version = "0.4.8"
source = "registry+https://github.com/rust-lang/crates.io-index"
checksum = "c89e69e7e0f03bea5ef08013795c25018e101932225a656383bd384495ecc367"
dependencies = [
 "num-integer",
 "num-traits",
]

[[package]]
name = "num-bigint"
version = "0.5.1"
source = "registry+https://github.com/rust-lang/crates.io-index"
checksum = "93e7820bc0a80a0238e650327316f929ba18d5be054b647490a3a6a339f3e7c0"
dependencies = [
 "num-integer",
 "num-traits",
]

[[package]]
name = "num-integer"
version = "0.1.47"
source = "registry+https://github.com/rust-lang/crates.io-index"
checksum = "7ce2d95d4b3734dc35aa2f45e1aa22cd416814592a4f9d9205e11affd5b8e10b"
dependencies = [
 "num-traits",
]

[[package]]
name = "num-modular"
version = "0.6.6"
source = "registry+https://github.com/rust-lang/crates.io-index"
checksum = "26ac76200f74e658124f95fa63e1a82b2fd2181c5b2fdde80b3d89d2d3f905e7"

[[package]]
name = "num-order"
version = "1.2.0"
source = "registry+https://github.com/rust-lang/crates.io-index"
checksum = "537b596b97c40fcf8056d153049eb22f481c17ebce72a513ec9286e4986d1bb6"
dependencies = [
 "num-modular",
]

[[package]]
name = "num-rational"
version = "0.4.2"
source = "registry+https://github.com/rust-lang/crates.io-index"
checksum = "f83d14da390562dca69fc84082e73e548e1ad308d24accdedd2720017cb37824"
dependencies = [
 "num-bigint 0.4.8",
 "num-integer",
 "num-traits",
]

[[package]]
name = "num-traits"
version = "0.2.19"
source = "registry+https://github.com/rust-lang/crates.io-index"
checksum = "071dfc062690e90b734c0b2273ce72ad0ffa95f0c74596bc250dcfd960262841"
dependencies = [
 "autocfg",
]

[[package]]
name = "pastey"
version = "0.2.3"
source = "registry+https://github.com/rust-lang/crates.io-index"
checksum = "2ee67f1008b1ba2321834326597b8e186293b049a023cdef258527550b9935b4"

[[package]]
name = "proc-macro2"
version = "1.0.107"
source = "registry+https://github.com/rust-lang/crates.io-index"
checksum = "985e7ec9bb745e6ce6535b544d84d6cd6f7ad8bd711c398938ae983b91a766d9"
dependencies = [
 "unicode-ident",
]

[[package]]
name = "quote"
version = "1.0.47"
source = "registry+https://github.com/rust-lang/crates.io-index"
checksum = "1fbf4db142a473a8d80c26bbf18454ed458bf8d26c8219c331daecfdbd079001"
dependencies = [
 "proc-macro2",
]

[[package]]
name = "rug"
version = "1.30.0"
source = "registry+https://github.com/rust-lang/crates.io-index"
checksum = "07a8857882aec59d27254b02481c709327c13de6fad1da60bfc4f9783eaaa61e"
dependencies = [
 "az",
 "gmp-mpfr-sys",
 "libc",
 "libm",
]

[[package]]
name = "ryu"
version = "1.0.23"
source = "registry+https://github.com/rust-lang/crates.io-index"
checksum = "9774ba4a74de5f7b1c1451ed6cd5285a32eddb5cccb8cc655a4e50009e06477f"

[[package]]
name = "safe_arch"
version = "1.2.0"
source = "registry+https://github.com/rust-lang/crates.io-index"
checksum = "42c6efa15875e6ecb39ca61fb0b0c1a40b84fac5a5ffe71eef7d1000c8eb3f5f"
dependencies = [
 "bytemuck",
]

[[package]]
name = "sagebrush-bigint"
version = "0.1.0"
dependencies = [
 "dashu-base",
 "dashu-int",
 "num-bigint 0.4.8",
 "num-integer",
 "num-rational",
 "num-traits",
 "sagebrush-interrupt",
]

[[package]]
name = "sagebrush-interrupt"
version = "0.1.0"
dependencies = [
 "libc",
]

[[package]]
name = "static_assertions"
version = "1.1.0"
source = "registry+https://github.com/rust-lang/crates.io-index"
checksum = "a2eb9349b6444b326872e140eb1cf5e7c522154d69e7a0ffb0fb81c06b37543f"

[[package]]
name = "unicode-ident"
version = "1.0.26"
source = "registry+https://github.com/rust-lang/crates.io-index"
checksum = "d245f478577f809a851594d02313b640fb437e0bb33866753cff937863096954"

[[package]]
name = "wide"
version = "1.7.1"
source = "registry+https://github.com/rust-lang/crates.io-index"
checksum = "d920ac99c3c8edce110cb8d07dbb324d6d026011dce85b1e9355b70f0adacc4f"
dependencies = [
 "bytemuck",
 "safe_arch",
]

[[package]]
name = "windows-link"
version = "0.2.1"
source = "registry+https://github.com/rust-lang/crates.io-index"
checksum = "f0805222e57f7521d6a62e36fa9163bc891acd422f971defe97d64e70d0a4fe5"

[[package]]
name = "windows-sys"
version = "0.61.2"
source = "registry+https://github.com/rust-lang/crates.io-index"
checksum = "ae137229bcbd6cdf0f7b80a31df61766145077ddf49416a728b02cb3921ff3fc"
dependencies = [
 "windows-link",
]
